
Microsoft Visual Studio Solution File, Format Version 12.00
# Visual Studio 2013
VisualStudioVersion = 12.0.40629.0
MinimumVisualStudioVersion = 10.0.40219.1
Project("{2150E333-8FDC-42A3-9474-1A3956D46DE8}") = "Core", "Core", "{02EA84F6-05EF-4A1C-8D71-5DFF8358C27C}"
EndProject
Project("{FAE04EC0-301F-11D3-BF4B-00C04F79EFBC}") = "UsersVoice.Services.Infrastructure.Web", "UsersVoice.Services.Infrastructure.Web\UsersVoice.Services.Infrastructure.Web.csproj", "{CBC7C08F-7DD5-4ADC-95BB-F88A0F72E716}"
EndProject
Project("{FAE04EC0-301F-11D3-BF4B-00C04F79EFBC}") = "UsersVoice.Services.Common.CQRS", "UsersVoice.Services.Common.CQRS\UsersVoice.Services.Common.CQRS.csproj", "{0FA09A37-B614-49F4-BCE5-BF6E14D7CB76}"
EndProject
Project("{FAE04EC0-301F-11D3-BF4B-00C04F79EFBC}") = "UsersVoice.Services.Infrastructure.Common", "UsersVoice.Services.Infrastructure.Common\UsersVoice.Services.Infrastructure.Common.csproj", "{E711AD99-5B71-415B-920E-FD05AC3AA7C8}"
EndProject
Project("{FAE04EC0-301F-11D3-BF4B-00C04F79EFBC}") = "UsersVoice.Services.Infrastructure.Mongo", "UsersVoice.Services.Infrastructure.Mongo\UsersVoice.Services.Infrastructure.Mongo.csproj", "{5395D906-E7CE-44D2-9A48-789F38A0B989}"
EndProject
Project("{2150E333-8FDC-42A3-9474-1A3956D46DE8}") = "Tools", "Tools", "{773D3664-AFFE-416B-85CD-A049D73A891B}"
EndProject
Project("{FAE04EC0-301F-11D3-BF4B-00C04F79EFBC}") = "UsersVoice.DbInitializer", "UsersVoice.DbInitializer\UsersVoice.DbInitializer.csproj", "{466A602B-EF29-42E2-8CA5-18298A4AEB16}"
EndProject
Project("{FAE04EC0-301F-11D3-BF4B-00C04F79EFBC}") = "UsersVoice.TestDataFeeder", "UsersVoice.TestDataFeeder\UsersVoice.TestDataFeeder.csproj", "{C38FCE40-868B-49A1-9C2E-D80584F5237E}"
EndProject
Project("{FAE04EC0-301F-11D3-BF4B-00C04F79EFBC}") = "UsersVoice.Services.API.CQRS.Mongo", "UsersVoice.Services.API.CQRS.Mongo\UsersVoice.Services.API.CQRS.Mongo.csproj", "{CF8E6F2E-4C2C-4889-AF48-EE4E4B4719D7}"
EndProject
Project("{FAE04EC0-301F-11D3-BF4B-00C04F79EFBC}") = "UsersVoice.Services.API.CQRS", "UsersVoice.Services.API.CQRS\UsersVoice.Services.API.CQRS.csproj", "{E347B9E9-1CBC-4E9B-B0FB-73C45FC0C379}"
EndProject
Project("{2150E333-8FDC-42A3-9474-1A3956D46DE8}") = "Services API", "Services API", "{017C418F-79A3-442C-AA6A-4A7F1CD158AD}"
EndProject
Global
	GlobalSection(SolutionConfigurationPlatforms) = preSolution
		Debug|Any CPU = Debug|Any CPU
		Release|Any CPU = Release|Any CPU
	EndGlobalSection
	GlobalSection(ProjectConfigurationPlatforms) = postSolution
		{CBC7C08F-7DD5-4ADC-95BB-F88A0F72E716}.Debug|Any CPU.ActiveCfg = Debug|Any CPU
		{CBC7C08F-7DD5-4ADC-95BB-F88A0F72E716}.Debug|Any CPU.Build.0 = Debug|Any CPU
		{CBC7C08F-7DD5-4ADC-95BB-F88A0F72E716}.Release|Any CPU.ActiveCfg = Release|Any CPU
		{CBC7C08F-7DD5-4ADC-95BB-F88A0F72E716}.Release|Any CPU.Build.0 = Release|Any CPU
		{0FA09A37-B614-49F4-BCE5-BF6E14D7CB76}.Debug|Any CPU.ActiveCfg = Debug|Any CPU
		{0FA09A37-B614-49F4-BCE5-BF6E14D7CB76}.Debug|Any CPU.Build.0 = Debug|Any CPU
		{0FA09A37-B614-49F4-BCE5-BF6E14D7CB76}.Release|Any CPU.ActiveCfg = Release|Any CPU
		{0FA09A37-B614-49F4-BCE5-BF6E14D7CB76}.Release|Any CPU.Build.0 = Release|Any CPU
		{E711AD99-5B71-415B-920E-FD05AC3AA7C8}.Debug|Any CPU.ActiveCfg = Debug|Any CPU
		{E711AD99-5B71-415B-920E-FD05AC3AA7C8}.Debug|Any CPU.Build.0 = Debug|Any CPU
		{E711AD99-5B71-415B-920E-FD05AC3AA7C8}.Release|Any CPU.ActiveCfg = Release|Any CPU
		{E711AD99-5B71-415B-920E-FD05AC3AA7C8}.Release|Any CPU.Build.0 = Release|Any CPU
		{5395D906-E7CE-44D2-9A48-789F38A0B989}.Debug|Any CPU.ActiveCfg = Debug|Any CPU
		{5395D906-E7CE-44D2-9A48-789F38A0B989}.Debug|Any CPU.Build.0 = Debug|Any CPU
		{5395D906-E7CE-44D2-9A48-789F38A0B989}.Release|Any CPU.ActiveCfg = Release|Any CPU
		{5395D906-E7CE-44D2-9A48-789F38A0B989}.Release|Any CPU.Build.0 = Release|Any CPU
		{466A602B-EF29-42E2-8CA5-18298A4AEB16}.Debug|Any CPU.ActiveCfg = Debug|Any CPU
		{466A602B-EF29-42E2-8CA5-18298A4AEB16}.Debug|Any CPU.Build.0 = Debug|Any CPU
		{466A602B-EF29-42E2-8CA5-18298A4AEB16}.Release|Any CPU.ActiveCfg = Release|Any CPU
		{466A602B-EF29-42E2-8CA5-18298A4AEB16}.Release|Any CPU.Build.0 = Release|Any CPU
		{C38FCE40-868B-49A1-9C2E-D80584F5237E}.Debug|Any CPU.ActiveCfg = Debug|Any CPU
		{C38FCE40-868B-49A1-9C2E-D80584F5237E}.Debug|Any CPU.Build.0 = Debug|Any CPU
		{C38FCE40-868B-49A1-9C2E-D80584F5237E}.Release|Any CPU.ActiveCfg = Release|Any CPU
		{C38FCE40-868B-49A1-9C2E-D80584F5237E}.Release|Any CPU.Build.0 = Release|Any CPU
		{CF8E6F2E-4C2C-4889-AF48-EE4E4B4719D7}.Debug|Any CPU.ActiveCfg = Debug|Any CPU
		{CF8E6F2E-4C2C-4889-AF48-EE4E4B4719D7}.Debug|Any CPU.Build.0 = Debug|Any CPU
		{CF8E6F2E-4C2C-4889-AF48-EE4E4B4719D7}.Release|Any CPU.ActiveCfg = Release|Any CPU
		{CF8E6F2E-4C2C-4889-AF48-EE4E4B4719D7}.Release|Any CPU.Build.0 = Release|Any CPU
		{E347B9E9-1CBC-4E9B-B0FB-73C45FC0C379}.Debug|Any CPU.ActiveCfg = Debug|Any CPU
		{E347B9E9-1CBC-4E9B-B0FB-73C45FC0C379}.Debug|Any CPU.Build.0 = Debug|Any CPU
		{E347B9E9-1CBC-4E9B-B0FB-73C45FC0C379}.Release|Any CPU.ActiveCfg = Release|Any CPU
		{E347B9E9-1CBC-4E9B-B0FB-73C45FC0C379}.Release|Any CPU.Build.0 = Release|Any CPU
	EndGlobalSection
	GlobalSection(SolutionProperties) = preSolution
		HideSolutionNode = FALSE
	EndGlobalSection
	GlobalSection(NestedProjects) = preSolution
		{CBC7C08F-7DD5-4ADC-95BB-F88A0F72E716} = {02EA84F6-05EF-4A1C-8D71-5DFF8358C27C}
		{0FA09A37-B614-49F4-BCE5-BF6E14D7CB76} = {02EA84F6-05EF-4A1C-8D71-5DFF8358C27C}
		{E711AD99-5B71-415B-920E-FD05AC3AA7C8} = {02EA84F6-05EF-4A1C-8D71-5DFF8358C27C}
		{5395D906-E7CE-44D2-9A48-789F38A0B989} = {02EA84F6-05EF-4A1C-8D71-5DFF8358C27C}
		{466A602B-EF29-42E2-8CA5-18298A4AEB16} = {773D3664-AFFE-416B-85CD-A049D73A891B}
		{C38FCE40-868B-49A1-9C2E-D80584F5237E} = {773D3664-AFFE-416B-85CD-A049D73A891B}
		{CF8E6F2E-4C2C-4889-AF48-EE4E4B4719D7} = {017C418F-79A3-442C-AA6A-4A7F1CD158AD}
		{E347B9E9-1CBC-4E9B-B0FB-73C45FC0C379} = {017C418F-79A3-442C-AA6A-4A7F1CD158AD}
	EndGlobalSection
EndGlobal
